{
  "version": "5",
  "remote": {
    "https://edge.netlify.com/": "fd941d61d88673d5f28aab283fb86fcc50f08a3bc80ee5470498fcfa88c65cfb",
    "https://edge.netlify.com/bootstrap/config.ts": "6a2ce0e544e15e8f8883a5c18da5948e37fd0f2619f68cb31f3af53c51817025",
    "https://edge.netlify.com/bootstrap/context.ts": "e97240232121e2f369f6546ce961490f34d961ea1ea54be3ff09633e3f08373f",
    "https://edge.netlify.com/bootstrap/cookie.ts": "8b0baae708989ca183c6f3b4ab3d029e6abcbc2e43f93edeb0ff447b3bbc3a05",
    "https://edge.netlify.com/bootstrap/edge_function.ts": "b8253e86aa83c67341f5cfedeba5049d77fbf84dcab7eceff7566b7728ae9b39",
    "https://edge.netlify.com/bootstrap/globals/types.ts": "eaa6148ded3121d8dee62dd91c86e7fe76601df0f3ca8d7962243a30f4c8935f"
  },
  "workspace": {
    "packageJson": {
      "dependencies": [
        "npm:@auth/core@0.37.4",
        "npm:@convex-dev/agent@~0.3.2",
        "npm:@convex-dev/auth@^0.0.90",
        "npm:@convex-dev/eslint-plugin@^1.1.1",
        "npm:@convex-dev/react-query@0.1",
        "npm:@openrouter/ai-sdk-provider@^1.5.4",
        "npm:@tailwindcss/vite@^4.1.18",
        "npm:@tanstack/eslint-config@~0.3.4",
        "npm:@tanstack/react-query@^5.90.20",
        "npm:@tanstack/react-router-with-query@^1.130.17",
        "npm:@tanstack/react-router@^1.158.1",
        "npm:@tanstack/react-start@^1.158.3",
        "npm:@types/node@^25.3.0",
        "npm:@types/react-dom@^19.2.3",
        "npm:@types/react@^19.2.13",
        "npm:@vitejs/plugin-react@^5.1.3",
        "npm:concurrently@~9.2.1",
        "npm:convex@^1.31.7",
        "npm:html-to-image@^1.11.13",
        "npm:jose@^5.2.2",
        "npm:lucide-react@^1.16.0",
        "npm:prettier@^3.8.1",
        "npm:react-dom@^19.2.4",
        "npm:react@^19.2.4",
        "npm:replicate@^1.4.0",
        "npm:resend@6",
        "npm:tailwindcss@^4.1.18",
        "npm:typescript@^5.9.3",
        "npm:vite-tsconfig-paths@^6.0.5",
        "npm:vite@^7.3.1",
        "npm:zod@^4.3.6"
      ]
    }
  }
}
